
Microsoft Visual Studio Solution File, Format Version 12.00
# Visual Studio Version 17
VisualStudioVersion = 17.3.32929.385
MinimumVisualStudioVersion = 10.0.40219.1
Project("{FAE04EC0-301F-11D3-BF4B-00C04F79EFBC}") = "Projekt_1_Karpowicz", "Projekt_1_Karpowicz.csproj", "{B8BAB8B8-08EF-43E2-BD3C-51D2740A415F}"
EndProject
Global
	GlobalSection(SolutionConfigurationPlatforms) = preSolution
		Debug|Any CPU = Debug|Any CPU
		Release|Any CPU = Release|Any CPU
	EndGlobalSection
	GlobalSection(ProjectConfigurationPlatforms) = postSolution
		{B8BAB8B8-08EF-43E2-BD3C-51D2740A415F}.Debug|Any CPU.ActiveCfg = Debug|Any CPU
		{B8BAB8B8-08EF-43E2-BD3C-51D2740A415F}.Debug|Any CPU.Build.0 = Debug|Any CPU
		{B8BAB8B8-08EF-43E2-BD3C-51D2740A415F}.Release|Any CPU.ActiveCfg = Release|Any CPU
		{B8BAB8B8-08EF-43E2-BD3C-51D2740A415F}.Release|Any CPU.Build.0 = Release|Any CPU
	EndGlobalSection
	GlobalSection(SolutionProperties) = preSolution
		HideSolutionNode = FALSE
	EndGlobalSection
	GlobalSection(ExtensibilityGlobals) = postSolution
		SolutionGuid = {2A7F4595-2D04-4F80-A1B3-B8C8F645B8FE}
	EndGlobalSection
EndGlobal
